
Microsoft Visual Studio Solution File, Format Version 12.00
# Visual Studio 14
VisualStudioVersion = 14.0.25420.1
MinimumVisualStudioVersion = 10.0.40219.1
Project("{FAE04EC0-301F-11D3-BF4B-00C04F79EFBC}") = "Core", "Core\Core.csproj", "{9D916741-1D29-42C0-9472-C4750E3B56E8}"
EndProject
Project("{FAE04EC0-301F-11D3-BF4B-00C04F79EFBC}") = "WebServer", "WebServer\WebServer.csproj", "{09692FD1-1AB1-4E13-9DD2-F63EDDE13D2C}"
EndProject
Project("{FAE04EC0-301F-11D3-BF4B-00C04F79EFBC}") = "WebClient", "WebClient\WebClient.csproj", "{94DB2FDE-3847-4C28-9237-D115A20186FC}"
EndProject
Project("{2150E333-8FDC-42A3-9474-1A3956D46DE8}") = "Server", "Server", "{B8676C4A-B8E9-400C-A333-8A062521FE45}"
EndProject
Project("{2150E333-8FDC-42A3-9474-1A3956D46DE8}") = "Client", "Client", "{FAD98F43-43DF-4371-997E-33678858FE49}"
EndProject
Project("{FAE04EC0-301F-11D3-BF4B-00C04F79EFBC}") = "WebServerDTOs", "WebServerDTOs\WebServerDTOs.csproj", "{5DB79D48-1BA3-4A94-8626-E65B6FE43862}"
EndProject
Project("{FAE04EC0-301F-11D3-BF4B-00C04F79EFBC}") = "Core.Test", "Core.Test\Core.Test.csproj", "{3AF55945-7555-41C9-AC8A-E689EA0CB756}"
EndProject
Project("{FAE04EC0-301F-11D3-BF4B-00C04F79EFBC}") = "WebServerProxy", "WebServerProxy\WebServerProxy.csproj", "{AE79B496-FD9B-4112-927F-854605DA9BC0}"
EndProject
Global
	GlobalSection(SolutionConfigurationPlatforms) = preSolution
		Debug|Any CPU = Debug|Any CPU
		Release|Any CPU = Release|Any CPU
	EndGlobalSection
	GlobalSection(ProjectConfigurationPlatforms) = postSolution
		{9D916741-1D29-42C0-9472-C4750E3B56E8}.Debug|Any CPU.ActiveCfg = Debug|Any CPU
		{9D916741-1D29-42C0-9472-C4750E3B56E8}.Debug|Any CPU.Build.0 = Debug|Any CPU
		{9D916741-1D29-42C0-9472-C4750E3B56E8}.Release|Any CPU.ActiveCfg = Release|Any CPU
		{9D916741-1D29-42C0-9472-C4750E3B56E8}.Release|Any CPU.Build.0 = Release|Any CPU
		{09692FD1-1AB1-4E13-9DD2-F63EDDE13D2C}.Debug|Any CPU.ActiveCfg = Debug|Any CPU
		{09692FD1-1AB1-4E13-9DD2-F63EDDE13D2C}.Debug|Any CPU.Build.0 = Debug|Any CPU
		{09692FD1-1AB1-4E13-9DD2-F63EDDE13D2C}.Release|Any CPU.ActiveCfg = Release|Any CPU
		{09692FD1-1AB1-4E13-9DD2-F63EDDE13D2C}.Release|Any CPU.Build.0 = Release|Any CPU
		{94DB2FDE-3847-4C28-9237-D115A20186FC}.Debug|Any CPU.ActiveCfg = Debug|Any CPU
		{94DB2FDE-3847-4C28-9237-D115A20186FC}.Debug|Any CPU.Build.0 = Debug|Any CPU
		{94DB2FDE-3847-4C28-9237-D115A20186FC}.Release|Any CPU.ActiveCfg = Release|Any CPU
		{94DB2FDE-3847-4C28-9237-D115A20186FC}.Release|Any CPU.Build.0 = Release|Any CPU
		{5DB79D48-1BA3-4A94-8626-E65B6FE43862}.Debug|Any CPU.ActiveCfg = Debug|Any CPU
		{5DB79D48-1BA3-4A94-8626-E65B6FE43862}.Debug|Any CPU.Build.0 = Debug|Any CPU
		{5DB79D48-1BA3-4A94-8626-E65B6FE43862}.Release|Any CPU.ActiveCfg = Release|Any CPU
		{5DB79D48-1BA3-4A94-8626-E65B6FE43862}.Release|Any CPU.Build.0 = Release|Any CPU
		{3AF55945-7555-41C9-AC8A-E689EA0CB756}.Debug|Any CPU.ActiveCfg = Debug|Any CPU
		{3AF55945-7555-41C9-AC8A-E689EA0CB756}.Debug|Any CPU.Build.0 = Debug|Any CPU
		{3AF55945-7555-41C9-AC8A-E689EA0CB756}.Release|Any CPU.ActiveCfg = Release|Any CPU
		{3AF55945-7555-41C9-AC8A-E689EA0CB756}.Release|Any CPU.Build.0 = Release|Any CPU
		{AE79B496-FD9B-4112-927F-854605DA9BC0}.Debug|Any CPU.ActiveCfg = Debug|Any CPU
		{AE79B496-FD9B-4112-927F-854605DA9BC0}.Debug|Any CPU.Build.0 = Debug|Any CPU
		{AE79B496-FD9B-4112-927F-854605DA9BC0}.Release|Any CPU.ActiveCfg = Release|Any CPU
		{AE79B496-FD9B-4112-927F-854605DA9BC0}.Release|Any CPU.Build.0 = Release|Any CPU
	EndGlobalSection
	GlobalSection(SolutionProperties) = preSolution
		HideSolutionNode = FALSE
	EndGlobalSection
	GlobalSection(NestedProjects) = preSolution
		{9D916741-1D29-42C0-9472-C4750E3B56E8} = {B8676C4A-B8E9-400C-A333-8A062521FE45}
		{09692FD1-1AB1-4E13-9DD2-F63EDDE13D2C} = {B8676C4A-B8E9-400C-A333-8A062521FE45}
		{94DB2FDE-3847-4C28-9237-D115A20186FC} = {FAD98F43-43DF-4371-997E-33678858FE49}
		{5DB79D48-1BA3-4A94-8626-E65B6FE43862} = {B8676C4A-B8E9-400C-A333-8A062521FE45}
		{3AF55945-7555-41C9-AC8A-E689EA0CB756} = {B8676C4A-B8E9-400C-A333-8A062521FE45}
		{AE79B496-FD9B-4112-927F-854605DA9BC0} = {FAD98F43-43DF-4371-997E-33678858FE49}
	EndGlobalSection
EndGlobal
