
Microsoft Visual Studio Solution File, Format Version 12.00
# Visual Studio 14
VisualStudioVersion = 14.0.25420.1
MinimumVisualStudioVersion = 10.0.40219.1
Project("{FAE04EC0-301F-11D3-BF4B-00C04F79EFBC}") = "WebServer", "WebServer\WebServer.csproj", "{09692FD1-1AB1-4E13-9DD2-F63EDDE13D2C}"
EndProject
Project("{FAE04EC0-301F-11D3-BF4B-00C04F79EFBC}") = "WebClient", "WebClient\WebClient.csproj", "{94DB2FDE-3847-4C28-9237-D115A20186FC}"
EndProject
Project("{2150E333-8FDC-42A3-9474-1A3956D46DE8}") = "Server", "Server", "{B8676C4A-B8E9-400C-A333-8A062521FE45}"
EndProject
Project("{2150E333-8FDC-42A3-9474-1A3956D46DE8}") = "Client", "Client", "{FAD98F43-43DF-4371-997E-33678858FE49}"
EndProject
Project("{FAE04EC0-301F-11D3-BF4B-00C04F79EFBC}") = "WebServerDTOs", "WebServerDTOs\WebServerDTOs.csproj", "{5DB79D48-1BA3-4A94-8626-E65B6FE43862}"
EndProject
Project("{FAE04EC0-301F-11D3-BF4B-00C04F79EFBC}") = "WebServerProxy", "WebServerProxy\WebServerProxy.csproj", "{AE79B496-FD9B-4112-927F-854605DA9BC0}"
EndProject
Project("{FAE04EC0-301F-11D3-BF4B-00C04F79EFBC}") = "Domain", "Domain\Domain.csproj", "{8496C679-10E8-40E8-BC71-F8C46A592111}"
EndProject
Project("{FAE04EC0-301F-11D3-BF4B-00C04F79EFBC}") = "DataAccess", "DataAccess\DataAccess.csproj", "{D0DEC4AA-1EF0-4220-A8DB-3198B86674DB}"
EndProject
Project("{FAE04EC0-301F-11D3-BF4B-00C04F79EFBC}") = "Utilities", "Utilities\Utilities.csproj", "{F688299F-F69F-4F78-84F5-F61CBE1A07A0}"
EndProject
Global
	GlobalSection(SolutionConfigurationPlatforms) = preSolution
		Debug|Any CPU = Debug|Any CPU
		Release|Any CPU = Release|Any CPU
	EndGlobalSection
	GlobalSection(ProjectConfigurationPlatforms) = postSolution
		{09692FD1-1AB1-4E13-9DD2-F63EDDE13D2C}.Debug|Any CPU.ActiveCfg = Debug|Any CPU
		{09692FD1-1AB1-4E13-9DD2-F63EDDE13D2C}.Debug|Any CPU.Build.0 = Debug|Any CPU
		{09692FD1-1AB1-4E13-9DD2-F63EDDE13D2C}.Release|Any CPU.ActiveCfg = Release|Any CPU
		{09692FD1-1AB1-4E13-9DD2-F63EDDE13D2C}.Release|Any CPU.Build.0 = Release|Any CPU
		{94DB2FDE-3847-4C28-9237-D115A20186FC}.Debug|Any CPU.ActiveCfg = Debug|Any CPU
		{94DB2FDE-3847-4C28-9237-D115A20186FC}.Debug|Any CPU.Build.0 = Debug|Any CPU
		{94DB2FDE-3847-4C28-9237-D115A20186FC}.Release|Any CPU.ActiveCfg = Release|Any CPU
		{94DB2FDE-3847-4C28-9237-D115A20186FC}.Release|Any CPU.Build.0 = Release|Any CPU
		{5DB79D48-1BA3-4A94-8626-E65B6FE43862}.Debug|Any CPU.ActiveCfg = Debug|Any CPU
		{5DB79D48-1BA3-4A94-8626-E65B6FE43862}.Debug|Any CPU.Build.0 = Debug|Any CPU
		{5DB79D48-1BA3-4A94-8626-E65B6FE43862}.Release|Any CPU.ActiveCfg = Release|Any CPU
		{5DB79D48-1BA3-4A94-8626-E65B6FE43862}.Release|Any CPU.Build.0 = Release|Any CPU
		{AE79B496-FD9B-4112-927F-854605DA9BC0}.Debug|Any CPU.ActiveCfg = Debug|Any CPU
		{AE79B496-FD9B-4112-927F-854605DA9BC0}.Debug|Any CPU.Build.0 = Debug|Any CPU
		{AE79B496-FD9B-4112-927F-854605DA9BC0}.Release|Any CPU.ActiveCfg = Release|Any CPU
		{AE79B496-FD9B-4112-927F-854605DA9BC0}.Release|Any CPU.Build.0 = Release|Any CPU
		{8496C679-10E8-40E8-BC71-F8C46A592111}.Debug|Any CPU.ActiveCfg = Debug|Any CPU
		{8496C679-10E8-40E8-BC71-F8C46A592111}.Debug|Any CPU.Build.0 = Debug|Any CPU
		{8496C679-10E8-40E8-BC71-F8C46A592111}.Release|Any CPU.ActiveCfg = Release|Any CPU
		{8496C679-10E8-40E8-BC71-F8C46A592111}.Release|Any CPU.Build.0 = Release|Any CPU
		{D0DEC4AA-1EF0-4220-A8DB-3198B86674DB}.Debug|Any CPU.ActiveCfg = Debug|Any CPU
		{D0DEC4AA-1EF0-4220-A8DB-3198B86674DB}.Debug|Any CPU.Build.0 = Debug|Any CPU
		{D0DEC4AA-1EF0-4220-A8DB-3198B86674DB}.Release|Any CPU.ActiveCfg = Release|Any CPU
		{D0DEC4AA-1EF0-4220-A8DB-3198B86674DB}.Release|Any CPU.Build.0 = Release|Any CPU
		{F688299F-F69F-4F78-84F5-F61CBE1A07A0}.Debug|Any CPU.ActiveCfg = Debug|Any CPU
		{F688299F-F69F-4F78-84F5-F61CBE1A07A0}.Debug|Any CPU.Build.0 = Debug|Any CPU
		{F688299F-F69F-4F78-84F5-F61CBE1A07A0}.Release|Any CPU.ActiveCfg = Release|Any CPU
		{F688299F-F69F-4F78-84F5-F61CBE1A07A0}.Release|Any CPU.Build.0 = Release|Any CPU
	EndGlobalSection
	GlobalSection(SolutionProperties) = preSolution
		HideSolutionNode = FALSE
	EndGlobalSection
	GlobalSection(NestedProjects) = preSolution
		{09692FD1-1AB1-4E13-9DD2-F63EDDE13D2C} = {B8676C4A-B8E9-400C-A333-8A062521FE45}
		{94DB2FDE-3847-4C28-9237-D115A20186FC} = {FAD98F43-43DF-4371-997E-33678858FE49}
		{5DB79D48-1BA3-4A94-8626-E65B6FE43862} = {B8676C4A-B8E9-400C-A333-8A062521FE45}
		{AE79B496-FD9B-4112-927F-854605DA9BC0} = {FAD98F43-43DF-4371-997E-33678858FE49}
		{8496C679-10E8-40E8-BC71-F8C46A592111} = {B8676C4A-B8E9-400C-A333-8A062521FE45}
		{D0DEC4AA-1EF0-4220-A8DB-3198B86674DB} = {B8676C4A-B8E9-400C-A333-8A062521FE45}
	EndGlobalSection
EndGlobal
